{
  "name": "fdp",
  "version": "1.0.0",
  "lockfileVersion": 1,
  "requires": true,
  "dependencies": {
    "functional-light": {
      "version": "0.5.1",
      "resolved": "https://registry.npmjs.org/functional-light/-/functional-light-0.5.1.tgz",
      "integrity": "sha512-PRpIkyHVAN94Ryivuo1jb0jJsSkOWtaylEL1/ZPuK0h6KDzZqbh78FCWC5d2PzlEOACJbyttHZycQJUeifwyLg=="
    }
  }
}
